// !$*UTF8*$!
{
	archiveVersion = 1;
	classes = {
	};
	objectVersion = 48;
	objects = {

/* Begin PBXBuildFile section */
		A14E89DF20567AB600DA29C4 /* AppDelegate.swift in Sources */ = {isa = PBXBuildFile; fileRef = A14E89DE20567AB600DA29C4 /* AppDelegate.swift */; };
		A14E89E420567AB600DA29C4 /* Main.storyboard in Resources */ = {isa = PBXBuildFile; fileRef = A14E89E220567AB600DA29C4 /* Main.storyboard */; };
		A14E89E720567AB600DA29C4 /* Notes.xcdatamodeld in Sources */ = {isa = PBXBuildFile; fileRef = A14E89E520567AB600DA29C4 /* Notes.xcdatamodeld */; };
		A14E89E920567AB600DA29C4 /* Assets.xcassets in Resources */ = {isa = PBXBuildFile; fileRef = A14E89E820567AB600DA29C4 /* Assets.xcassets */; };
		A14E89EC20567AB600DA29C4 /* LaunchScreen.storyboard in Resources */ = {isa = PBXBuildFile; fileRef = A14E89EA20567AB600DA29C4 /* LaunchScreen.storyboard */; };
		A14E89F620567C2700DA29C4 /* NoteTableViewCell.swift in Sources */ = {isa = PBXBuildFile; fileRef = A14E89F520567C2700DA29C4 /* NoteTableViewCell.swift */; };
		A14E89FA20567F3400DA29C4 /* NoteExtension.swift in Sources */ = {isa = PBXBuildFile; fileRef = A14E89F920567F3400DA29C4 /* NoteExtension.swift */; };
		A14E89FF20567FD500DA29C4 /* Date+UIImageExtensions.swift in Sources */ = {isa = PBXBuildFile; fileRef = A14E89FE20567FD500DA29C4 /* Date+UIImageExtensions.swift */; };
		A14E8A012056804800DA29C4 /* NSMutableAttributedStringExtension.swift in Sources */ = {isa = PBXBuildFile; fileRef = A14E8A002056804800DA29C4 /* NSMutableAttributedStringExtension.swift */; };
		A14E8A032056818A00DA29C4 /* NotesTableViewController.swift in Sources */ = {isa = PBXBuildFile; fileRef = A14E8A022056818A00DA29C4 /* NotesTableViewController.swift */; };
		A14E8A05205682FF00DA29C4 /* CoreDataStack.swift in Sources */ = {isa = PBXBuildFile; fileRef = A14E8A04205682FF00DA29C4 /* CoreDataStack.swift */; };
		A14E8A072056848300DA29C4 /* NotesTableViewControllerNSFetchedResultsControllerDelegate.swift in Sources */ = {isa = PBXBuildFile; fileRef = A14E8A062056848300DA29C4 /* NotesTableViewControllerNSFetchedResultsControllerDelegate.swift */; };
		A14E8A0D2056A18D00DA29C4 /* NoteDetailViewController.swift in Sources */ = {isa = PBXBuildFile; fileRef = A14E8A0C2056A18D00DA29C4 /* NoteDetailViewController.swift */; };
		A14E8A0F2056A75A00DA29C4 /* NoteTableViewControllerActions.swift in Sources */ = {isa = PBXBuildFile; fileRef = A14E8A0E2056A75A00DA29C4 /* NoteTableViewControllerActions.swift */; };
		A14E8A112056BB8E00DA29C4 /* NoteDetailViewControllerActions.swift in Sources */ = {isa = PBXBuildFile; fileRef = A14E8A102056BB8E00DA29C4 /* NoteDetailViewControllerActions.swift */; };
		A14E8A132056C00900DA29C4 /* NoteDetailViewControllerTextViewDelegate.swift in Sources */ = {isa = PBXBuildFile; fileRef = A14E8A122056C00900DA29C4 /* NoteDetailViewControllerTextViewDelegate.swift */; };
		A14E8A1520570EDE00DA29C4 /* NoteDetailViewControllerImagePickerControllerDelegate.swift in Sources */ = {isa = PBXBuildFile; fileRef = A14E8A1420570EDE00DA29C4 /* NoteDetailViewControllerImagePickerControllerDelegate.swift */; };
/* End PBXBuildFile section */

/* Begin PBXFileReference section */
		A14E89DB20567AB600DA29C4 /* Notes.app */ = {isa = PBXFileReference; explicitFileType = wrapper.application; includeInIndex = 0; path = Notes.app; sourceTree = BUILT_PRODUCTS_DIR; };
		A14E89DE20567AB600DA29C4 /* AppDelegate.swift */ = {isa = PBXFileReference; lastKnownFileType = sourcecode.swift; path = AppDelegate.swift; sourceTree = "<group>"; };
		A14E89E320567AB600DA29C4 /* Base */ = {isa = PBXFileReference; lastKnownFileType = file.storyboard; name = Base; path = Base.lproj/Main.storyboard; sourceTree = "<group>"; };
		A14E89E620567AB600DA29C4 /* Notes.xcdatamodel */ = {isa = PBXFileReference; lastKnownFileType = wrapper.xcdatamodel; path = Notes.xcdatamodel; sourceTree = "<group>"; };
		A14E89E820567AB600DA29C4 /* Assets.xcassets */ = {isa = PBXFileReference; lastKnownFileType = folder.assetcatalog; path = Assets.xcassets; sourceTree = "<group>"; };
		A14E89EB20567AB600DA29C4 /* Base */ = {isa = PBXFileReference; lastKnownFileType = file.storyboard; name = Base; path = Base.lproj/LaunchScreen.storyboard; sourceTree = "<group>"; };
		A14E89ED20567AB600DA29C4 /* Info.plist */ = {isa = PBXFileReference; lastKnownFileType = text.plist.xml; path = Info.plist; sourceTree = "<group>"; };
		A14E89F520567C2700DA29C4 /* NoteTableViewCell.swift */ = {isa = PBXFileReference; lastKnownFileType = sourcecode.swift; path = NoteTableViewCell.swift; sourceTree = "<group>"; };
		A14E89F920567F3400DA29C4 /* NoteExtension.swift */ = {isa = PBXFileReference; lastKnownFileType = sourcecode.swift; path = NoteExtension.swift; sourceTree = "<group>"; };
		A14E89FE20567FD500DA29C4 /* Date+UIImageExtensions.swift */ = {isa = PBXFileReference; lastKnownFileType = sourcecode.swift; path = "Date+UIImageExtensions.swift"; sourceTree = "<group>"; };
		A14E8A002056804800DA29C4 /* NSMutableAttributedStringExtension.swift */ = {isa = PBXFileReference; lastKnownFileType = sourcecode.swift; path = NSMutableAttributedStringExtension.swift; sourceTree = "<group>"; };
		A14E8A022056818A00DA29C4 /* NotesTableViewController.swift */ = {isa = PBXFileReference; lastKnownFileType = sourcecode.swift; path = NotesTableViewController.swift; sourceTree = "<group>"; };
		A14E8A04205682FF00DA29C4 /* CoreDataStack.swift */ = {isa = PBXFileReference; lastKnownFileType = sourcecode.swift; path = CoreDataStack.swift; sourceTree = "<group>"; };
		A14E8A062056848300DA29C4 /* NotesTableViewControllerNSFetchedResultsControllerDelegate.swift */ = {isa = PBXFileReference; lastKnownFileType = sourcecode.swift; path = NotesTableViewControllerNSFetchedResultsControllerDelegate.swift; sourceTree = "<group>"; };
		A14E8A0C2056A18D00DA29C4 /* NoteDetailViewController.swift */ = {isa = PBXFileReference; lastKnownFileType = sourcecode.swift; path = NoteDetailViewController.swift; sourceTree = "<group>"; };
		A14E8A0E2056A75A00DA29C4 /* NoteTableViewControllerActions.swift */ = {isa = PBXFileReference; lastKnownFileType = sourcecode.swift; path = NoteTableViewControllerActions.swift; sourceTree = "<group>"; };
		A14E8A102056BB8E00DA29C4 /* NoteDetailViewControllerActions.swift */ = {isa = PBXFileReference; lastKnownFileType = sourcecode.swift; path = NoteDetailViewControllerActions.swift; sourceTree = "<group>"; };
		A14E8A122056C00900DA29C4 /* NoteDetailViewControllerTextViewDelegate.swift */ = {isa = PBXFileReference; lastKnownFileType = sourcecode.swift; path = NoteDetailViewControllerTextViewDelegate.swift; sourceTree = "<group>"; };
		A14E8A1420570EDE00DA29C4 /* NoteDetailViewControllerImagePickerControllerDelegate.swift */ = {isa = PBXFileReference; lastKnownFileType = sourcecode.swift; path = NoteDetailViewControllerImagePickerControllerDelegate.swift; sourceTree = "<group>"; };
/* End PBXFileReference section */

/* Begin PBXFrameworksBuildPhase section */
		A14E89D820567AB600DA29C4 /* Frameworks */ = {
			isa = PBXFrameworksBuildPhase;
			buildActionMask = 2147483647;
			files = (
			);
			runOnlyForDeploymentPostprocessing = 0;
		};
/* End PBXFrameworksBuildPhase section */

/* Begin PBXGroup section */
		A14E89D220567AB600DA29C4 = {
			isa = PBXGroup;
			children = (
				A14E89DD20567AB600DA29C4 /* Notes */,
				A14E89DC20567AB600DA29C4 /* Products */,
			);
			sourceTree = "<group>";
		};
		A14E89DC20567AB600DA29C4 /* Products */ = {
			isa = PBXGroup;
			children = (
				A14E89DB20567AB600DA29C4 /* Notes.app */,
			);
			name = Products;
			sourceTree = "<group>";
		};
		A14E89DD20567AB600DA29C4 /* Notes */ = {
			isa = PBXGroup;
			children = (
				A14E89FB20567F7400DA29C4 /* Extensions */,
				A14E89F820567EC900DA29C4 /* Controllers */,
				A14E89F720567C4200DA29C4 /* Model */,
				A14E89F320567C0900DA29C4 /* Views */,
				A14E89DE20567AB600DA29C4 /* AppDelegate.swift */,
				A14E89ED20567AB600DA29C4 /* Info.plist */,
			);
			path = Notes;
			sourceTree = "<group>";
		};
		A14E89F320567C0900DA29C4 /* Views */ = {
			isa = PBXGroup;
			children = (
				A14E89F420567C1100DA29C4 /* UI */,
				A14E89F520567C2700DA29C4 /* NoteTableViewCell.swift */,
			);
			path = Views;
			sourceTree = "<group>";
		};
		A14E89F420567C1100DA29C4 /* UI */ = {
			isa = PBXGroup;
			children = (
				A14E89E220567AB600DA29C4 /* Main.storyboard */,
				A14E89E820567AB600DA29C4 /* Assets.xcassets */,
				A14E89EA20567AB600DA29C4 /* LaunchScreen.storyboard */,
			);
			path = UI;
			sourceTree = "<group>";
		};
		A14E89F720567C4200DA29C4 /* Model */ = {
			isa = PBXGroup;
			children = (
				A14E8A04205682FF00DA29C4 /* CoreDataStack.swift */,
				A14E89E520567AB600DA29C4 /* Notes.xcdatamodeld */,
				A14E89F920567F3400DA29C4 /* NoteExtension.swift */,
			);
			path = Model;
			sourceTree = "<group>";
		};
		A14E89F820567EC900DA29C4 /* Controllers */ = {
			isa = PBXGroup;
			children = (
				A14E8A0B2056A16C00DA29C4 /* DetailVC */,
				A14E8A0A2056A16300DA29C4 /* RootVC */,
			);
			path = Controllers;
			sourceTree = "<group>";
		};
		A14E89FB20567F7400DA29C4 /* Extensions */ = {
			isa = PBXGroup;
			children = (
				A14E89FE20567FD500DA29C4 /* Date+UIImageExtensions.swift */,
				A14E8A002056804800DA29C4 /* NSMutableAttributedStringExtension.swift */,
			);
			path = Extensions;
			sourceTree = "<group>";
		};
		A14E8A0A2056A16300DA29C4 /* RootVC */ = {
			isa = PBXGroup;
			children = (
				A14E8A022056818A00DA29C4 /* NotesTableViewController.swift */,
				A14E8A062056848300DA29C4 /* NotesTableViewControllerNSFetchedResultsControllerDelegate.swift */,
				A14E8A0E2056A75A00DA29C4 /* NoteTableViewControllerActions.swift */,
			);
			path = RootVC;
			sourceTree = "<group>";
		};
		A14E8A0B2056A16C00DA29C4 /* DetailVC */ = {
			isa = PBXGroup;
			children = (
				A14E8A0C2056A18D00DA29C4 /* NoteDetailViewController.swift */,
				A14E8A102056BB8E00DA29C4 /* NoteDetailViewControllerActions.swift */,
				A14E8A122056C00900DA29C4 /* NoteDetailViewControllerTextViewDelegate.swift */,
				A14E8A1420570EDE00DA29C4 /* NoteDetailViewControllerImagePickerControllerDelegate.swift */,
			);
			path = DetailVC;
			sourceTree = "<group>";
		};
/* End PBXGroup section */

/* Begin PBXNativeTarget section */
		A14E89DA20567AB600DA29C4 /* Notes */ = {
			isa = PBXNativeTarget;
			buildConfigurationList = A14E89F020567AB600DA29C4 /* Build configuration list for PBXNativeTarget "Notes" */;
			buildPhases = (
				A14E89D720567AB600DA29C4 /* Sources */,
				A14E89D820567AB600DA29C4 /* Frameworks */,
				A14E89D920567AB600DA29C4 /* Resources */,
			);
			buildRules = (
			);
			dependencies = (
			);
			name = Notes;
			productName = Notes;
			productReference = A14E89DB20567AB600DA29C4 /* Notes.app */;
			productType = "com.apple.product-type.application";
		};
/* End PBXNativeTarget section */

/* Begin PBXProject section */
		A14E89D320567AB600DA29C4 /* Project object */ = {
			isa = PBXProject;
			attributes = {
				LastSwiftUpdateCheck = 0920;
				LastUpgradeCheck = 0920;
				ORGANIZATIONNAME = "Artem Bobrov";
				TargetAttributes = {
					A14E89DA20567AB600DA29C4 = {
						CreatedOnToolsVersion = 9.2;
						ProvisioningStyle = Automatic;
					};
				};
			};
			buildConfigurationList = A14E89D620567AB600DA29C4 /* Build configuration list for PBXProject "Notes" */;
			compatibilityVersion = "Xcode 8.0";
			developmentRegion = en;
			hasScannedForEncodings = 0;
			knownRegions = (
				en,
				Base,
			);
			mainGroup = A14E89D220567AB600DA29C4;
			productRefGroup = A14E89DC20567AB600DA29C4 /* Products */;
			projectDirPath = "";
			projectRoot = "";
			targets = (
				A14E89DA20567AB600DA29C4 /* Notes */,
			);
		};
/* End PBXProject section */

/* Begin PBXResourcesBuildPhase section */
		A14E89D920567AB600DA29C4 /* Resources */ = {
			isa = PBXResourcesBuildPhase;
			buildActionMask = 2147483647;
			files = (
				A14E89EC20567AB600DA29C4 /* LaunchScreen.storyboard in Resources */,
				A14E89E920567AB600DA29C4 /* Assets.xcassets in Resources */,
				A14E89E420567AB600DA29C4 /* Main.storyboard in Resources */,
			);
			runOnlyForDeploymentPostprocessing = 0;
		};
/* End PBXResourcesBuildPhase section */

/* Begin PBXSourcesBuildPhase section */
		A14E89D720567AB600DA29C4 /* Sources */ = {
			isa = PBXSourcesBuildPhase;
			buildActionMask = 2147483647;
			files = (
				A14E8A072056848300DA29C4 /* NotesTableViewControllerNSFetchedResultsControllerDelegate.swift in Sources */,
				A14E89E720567AB600DA29C4 /* Notes.xcdatamodeld in Sources */,
				A14E8A032056818A00DA29C4 /* NotesTableViewController.swift in Sources */,
				A14E8A112056BB8E00DA29C4 /* NoteDetailViewControllerActions.swift in Sources */,
				A14E89FA20567F3400DA29C4 /* NoteExtension.swift in Sources */,
				A14E8A0D2056A18D00DA29C4 /* NoteDetailViewController.swift in Sources */,
				A14E8A05205682FF00DA29C4 /* CoreDataStack.swift in Sources */,
				A14E89FF20567FD500DA29C4 /* Date+UIImageExtensions.swift in Sources */,
				A14E8A0F2056A75A00DA29C4 /* NoteTableViewControllerActions.swift in Sources */,
				A14E8A132056C00900DA29C4 /* NoteDetailViewControllerTextViewDelegate.swift in Sources */,
				A14E8A012056804800DA29C4 /* NSMutableAttributedStringExtension.swift in Sources */,
				A14E89DF20567AB600DA29C4 /* AppDelegate.swift in Sources */,
				A14E8A1520570EDE00DA29C4 /* NoteDetailViewControllerImagePickerControllerDelegate.swift in Sources */,
				A14E89F620567C2700DA29C4 /* NoteTableViewCell.swift in Sources */,
			);
			runOnlyForDeploymentPostprocessing = 0;
		};
/* End PBXSourcesBuildPhase section */

/* Begin PBXVariantGroup section */
		A14E89E220567AB600DA29C4 /* Main.storyboard */ = {
			isa = PBXVariantGroup;
			children = (
				A14E89E320567AB600DA29C4 /* Base */,
			);
			name = Main.storyboard;
			sourceTree = "<group>";
		};
		A14E89EA20567AB600DA29C4 /* LaunchScreen.storyboard */ = {
			isa = PBXVariantGroup;
			children = (
				A14E89EB20567AB600DA29C4 /* Base */,
			);
			name = LaunchScreen.storyboard;
			sourceTree = "<group>";
		};
/* End PBXVariantGroup section */

/* Begin XCBuildConfiguration section */
		A14E89EE20567AB600DA29C4 /* Debug */ = {
			isa = XCBuildConfiguration;
			buildSettings = {
				ALWAYS_SEARCH_USER_PATHS = NO;
				CLANG_ANALYZER_NONNULL = YES;
				CLANG_ANALYZER_NUMBER_OBJECT_CONVERSION = YES_AGGRESSIVE;
				CLANG_CXX_LANGUAGE_STANDARD = "gnu++14";
				CLANG_CXX_LIBRARY = "libc++";
				CLANG_ENABLE_MODULES = YES;
				CLANG_ENABLE_OBJC_ARC = YES;
				CLANG_WARN_BLOCK_CAPTURE_AUTORELEASING = YES;
				CLANG_WARN_BOOL_CONVERSION = YES;
				CLANG_WARN_COMMA = YES;
				CLANG_WARN_CONSTANT_CONVERSION = YES;
				CLANG_WARN_DIRECT_OBJC_ISA_USAGE = YES_ERROR;
				CLANG_WARN_DOCUMENTATION_COMMENTS = YES;
				CLANG_WARN_EMPTY_BODY = YES;
				CLANG_WARN_ENUM_CONVERSION = YES;
				CLANG_WARN_INFINITE_RECURSION = YES;
				CLANG_WARN_INT_CONVERSION = YES;
				CLANG_WARN_NON_LITERAL_NULL_CONVERSION = YES;
				CLANG_WARN_OBJC_LITERAL_CONVERSION = YES;
				CLANG_WARN_OBJC_ROOT_CLASS = YES_ERROR;
				CLANG_WARN_RANGE_LOOP_ANALYSIS = YES;
				CLANG_WARN_STRICT_PROTOTYPES = YES;
				CLANG_WARN_SUSPICIOUS_MOVE = YES;
				CLANG_WARN_UNGUARDED_AVAILABILITY = YES_AGGRESSIVE;
				CLANG_WARN_UNREACHABLE_CODE = YES;
				CLANG_WARN__DUPLICATE_METHOD_MATCH = YES;
				CODE_SIGN_IDENTITY = "iPhone Developer";
				COPY_PHASE_STRIP = NO;
				DEBUG_INFORMATION_FORMAT = dwarf;
				ENABLE_STRICT_OBJC_MSGSEND = YES;
				ENABLE_TESTABILITY = YES;
				GCC_C_LANGUAGE_STANDARD = gnu11;
				GCC_DYNAMIC_NO_PIC = NO;
				GCC_NO_COMMON_BLOCKS = YES;
				GCC_OPTIMIZATION_LEVEL = 0;
				GCC_PREPROCESSOR_DEFINITIONS = (
					"DEBUG=1",
					"$(inherited)",
				);
				GCC_WARN_64_TO_32_BIT_CONVERSION = YES;
				GCC_WARN_ABOUT_RETURN_TYPE = YES_ERROR;
				GCC_WARN_UNDECLARED_SELECTOR = YES;
				GCC_WARN_UNINITIALIZED_AUTOS = YES_AGGRESSIVE;
				GCC_WARN_UNUSED_FUNCTION = YES;
				GCC_WARN_UNUSED_VARIABLE = YES;
				IPHONEOS_DEPLOYMENT_TARGET = 11.2;
				MTL_ENABLE_DEBUG_INFO = YES;
				ONLY_ACTIVE_ARCH = YES;
				SDKROOT = iphoneos;
				SWIFT_ACTIVE_COMPILATION_CONDITIONS = DEBUG;
				SWIFT_OPTIMIZATION_LEVEL = "-Onone";
			};
			name = Debug;
		};
		A14E89EF20567AB600DA29C4 /* Release */ = {
			isa = XCBuildConfiguration;
			buildSettings = {
				ALWAYS_SEARCH_USER_PATHS = NO;
				CLANG_ANALYZER_NONNULL = YES;
				CLANG_ANALYZER_NUMBER_OBJECT_CONVERSION = YES_AGGRESSIVE;
				CLANG_CXX_LANGUAGE_STANDARD = "gnu++14";
				CLANG_CXX_LIBRARY = "libc++";
				CLANG_ENABLE_MODULES = YES;
				CLANG_ENABLE_OBJC_ARC = YES;
				CLANG_WARN_BLOCK_CAPTURE_AUTORELEASING = YES;
				CLANG_WARN_BOOL_CONVERSION = YES;
				CLANG_WARN_COMMA = YES;
				CLANG_WARN_CONSTANT_CONVERSION = YES;
				CLANG_WARN_DIRECT_OBJC_ISA_USAGE = YES_ERROR;
				CLANG_WARN_DOCUMENTATION_COMMENTS = YES;
				CLANG_WARN_EMPTY_BODY = YES;
				CLANG_WARN_ENUM_CONVERSION = YES;
				CLANG_WARN_INFINITE_RECURSION = YES;
				CLANG_WARN_INT_CONVERSION = YES;
				CLANG_WARN_NON_LITERAL_NULL_CONVERSION = YES;
				CLANG_WARN_OBJC_LITERAL_CONVERSION = YES;
				CLANG_WARN_OBJC_ROOT_CLASS = YES_ERROR;
				CLANG_WARN_RANGE_LOOP_ANALYSIS = YES;
				CLANG_WARN_STRICT_PROTOTYPES = YES;
				CLANG_WARN_SUSPICIOUS_MOVE = YES;
				CLANG_WARN_UNGUARDED_AVAILABILITY = YES_AGGRESSIVE;
				CLANG_WARN_UNREACHABLE_CODE = YES;
				CLANG_WARN__DUPLICATE_METHOD_MATCH = YES;
				CODE_SIGN_IDENTITY = "iPhone Developer";
				COPY_PHASE_STRIP = NO;
				DEBUG_INFORMATION_FORMAT = "dwarf-with-dsym";
				ENABLE_NS_ASSERTIONS = NO;
				ENABLE_STRICT_OBJC_MSGSEND = YES;
				GCC_C_LANGUAGE_STANDARD = gnu11;
				GCC_NO_COMMON_BLOCKS = YES;
				GCC_WARN_64_TO_32_BIT_CONVERSION = YES;
				GCC_WARN_ABOUT_RETURN_TYPE = YES_ERROR;
				GCC_WARN_UNDECLARED_SELECTOR = YES;
				GCC_WARN_UNINITIALIZED_AUTOS = YES_AGGRESSIVE;
				GCC_WARN_UNUSED_FUNCTION = YES;
				GCC_WARN_UNUSED_VARIABLE = YES;
				IPHONEOS_DEPLOYMENT_TARGET = 11.2;
				MTL_ENABLE_DEBUG_INFO = NO;
				SDKROOT = iphoneos;
				SWIFT_OPTIMIZATION_LEVEL = "-Owholemodule";
				VALIDATE_PRODUCT = YES;
			};
			name = Release;
		};
		A14E89F120567AB600DA29C4 /* Debug */ = {
			isa = XCBuildConfiguration;
			buildSettings = {
				ASSETCATALOG_COMPILER_APPICON_NAME = AppIcon;
				CODE_SIGN_STYLE = Automatic;
				DEVELOPMENT_TEAM = EX9Z9UFRL5;
				INFOPLIST_FILE = Notes/Info.plist;
				LD_RUNPATH_SEARCH_PATHS = "$(inherited) @executable_path/Frameworks";
				PRODUCT_BUNDLE_IDENTIFIER = "com.personal-works.Notes";
				PRODUCT_NAME = "$(TARGET_NAME)";
				SWIFT_VERSION = 4.0;
				TARGETED_DEVICE_FAMILY = "1,2";
			};
			name = Debug;
		};
		A14E89F220567AB600DA29C4 /* Release */ = {
			isa = XCBuildConfiguration;
			buildSettings = {
				ASSETCATALOG_COMPILER_APPICON_NAME = AppIcon;
				CODE_SIGN_STYLE = Automatic;
				DEVELOPMENT_TEAM = EX9Z9UFRL5;
				INFOPLIST_FILE = Notes/Info.plist;
				LD_RUNPATH_SEARCH_PATHS = "$(inherited) @executable_path/Frameworks";
				PRODUCT_BUNDLE_IDENTIFIER = "com.personal-works.Notes";
				PRODUCT_NAME = "$(TARGET_NAME)";
				SWIFT_VERSION = 4.0;
				TARGETED_DEVICE_FAMILY = "1,2";
			};
			name = Release;
		};
/* End XCBuildConfiguration section */

/* Begin XCConfigurationList section */
		A14E89D620567AB600DA29C4 /* Build configuration list for PBXProject "Notes" */ = {
			isa = XCConfigurationList;
			buildConfigurations = (
				A14E89EE20567AB600DA29C4 /* Debug */,
				A14E89EF20567AB600DA29C4 /* Release */,
			);
			defaultConfigurationIsVisible = 0;
			defaultConfigurationName = Release;
		};
		A14E89F020567AB600DA29C4 /* Build configuration list for PBXNativeTarget "Notes" */ = {
			isa = XCConfigurationList;
			buildConfigurations = (
				A14E89F120567AB600DA29C4 /* Debug */,
				A14E89F220567AB600DA29C4 /* Release */,
			);
			defaultConfigurationIsVisible = 0;
			defaultConfigurationName = Release;
		};
/* End XCConfigurationList section */

/* Begin XCVersionGroup section */
		A14E89E520567AB600DA29C4 /* Notes.xcdatamodeld */ = {
			isa = XCVersionGroup;
			children = (
				A14E89E620567AB600DA29C4 /* Notes.xcdatamodel */,
			);
			currentVersion = A14E89E620567AB600DA29C4 /* Notes.xcdatamodel */;
			path = Notes.xcdatamodeld;
			sourceTree = "<group>";
			versionGroupType = wrapper.xcdatamodel;
		};
/* End XCVersionGroup section */
	};
	rootObject = A14E89D320567AB600DA29C4 /* Project object */;
}
