// !$*UTF8*$!
{
	archiveVersion = 1;
	classes = {
	};
	objectVersion = 48;
	objects = {

/* Begin PBXBuildFile section */
		A100F00B20433E0E0084187F /* BaseExtensions.swift in Sources */ = {isa = PBXBuildFile; fileRef = A100F00A20433E0E0084187F /* BaseExtensions.swift */; };
		A100F00E2043441E0084187F /* PlaylistTableViewController.swift in Sources */ = {isa = PBXBuildFile; fileRef = A100F00D2043441E0084187F /* PlaylistTableViewController.swift */; };
		A100F011204344A00084187F /* PlaylistTableViewCell.swift in Sources */ = {isa = PBXBuildFile; fileRef = A100F010204344A00084187F /* PlaylistTableViewCell.swift */; };
		A100F01320436C270084187F /* PlaylistInfoHeaderView.swift in Sources */ = {isa = PBXBuildFile; fileRef = A100F01220436C270084187F /* PlaylistInfoHeaderView.swift */; };
		A100F01520436CA40084187F /* PlaylistModel.swift in Sources */ = {isa = PBXBuildFile; fileRef = A100F01420436CA40084187F /* PlaylistModel.swift */; };
		A100F017204375F40084187F /* PlaylistDetailTableViewController.swift in Sources */ = {isa = PBXBuildFile; fileRef = A100F016204375F40084187F /* PlaylistDetailTableViewController.swift */; };
		A100F019204383940084187F /* PlaylistTableViewControllerTableViewDelegate+DataSource.swift in Sources */ = {isa = PBXBuildFile; fileRef = A100F018204383940084187F /* PlaylistTableViewControllerTableViewDelegate+DataSource.swift */; };
		A100F01B204383CE0084187F /* PlaylistDetailTableViewControllerTableViewDelegate+DataSource.swift in Sources */ = {isa = PBXBuildFile; fileRef = A100F01A204383CE0084187F /* PlaylistDetailTableViewControllerTableViewDelegate+DataSource.swift */; };
		A131C9F22044894400F538D8 /* PodcastCollectionViewController.swift in Sources */ = {isa = PBXBuildFile; fileRef = A131C9F12044894400F538D8 /* PodcastCollectionViewController.swift */; };
		A131C9F420448B4900F538D8 /* DataModel.swift in Sources */ = {isa = PBXBuildFile; fileRef = A131C9F320448B4900F538D8 /* DataModel.swift */; };
		A143CA402041EE40006E71BB /* MediaAlbumCollectionViewCell.swift in Sources */ = {isa = PBXBuildFile; fileRef = A143CA3F2041EE40006E71BB /* MediaAlbumCollectionViewCell.swift */; };
		A143CA432041EFE9006E71BB /* AlbumCollectionViewController.swift in Sources */ = {isa = PBXBuildFile; fileRef = A143CA422041EFE9006E71BB /* AlbumCollectionViewController.swift */; };
		A143CA452041F6A0006E71BB /* SectionLabelCollectionReusableView.swift in Sources */ = {isa = PBXBuildFile; fileRef = A143CA442041F6A0006E71BB /* SectionLabelCollectionReusableView.swift */; };
		A143CA4F20420EF5006E71BB /* AlbumCollectionViewControllerCollectionViewDelegate+DataSource.swift in Sources */ = {isa = PBXBuildFile; fileRef = A143CA4E20420EF5006E71BB /* AlbumCollectionViewControllerCollectionViewDelegate+DataSource.swift */; };
		A143CA5120421AED006E71BB /* AlbumDetailTableViewController.swift in Sources */ = {isa = PBXBuildFile; fileRef = A143CA5020421AED006E71BB /* AlbumDetailTableViewController.swift */; };
		A143CA5320421CD3006E71BB /* AlbumTableViewCell.swift in Sources */ = {isa = PBXBuildFile; fileRef = A143CA5220421CD3006E71BB /* AlbumTableViewCell.swift */; };
		A143CA5520422A7E006E71BB /* AlbumInfoHeaderView.swift in Sources */ = {isa = PBXBuildFile; fileRef = A143CA5420422A7E006E71BB /* AlbumInfoHeaderView.swift */; };
		A143CA57204232FD006E71BB /* AlbumDetailTableViewControllerTableViewDelegate+DataSource.swift in Sources */ = {isa = PBXBuildFile; fileRef = A143CA56204232FD006E71BB /* AlbumDetailTableViewControllerTableViewDelegate+DataSource.swift */; };
		A143CA602042F65D006E71BB /* ArtistTableViewController.swift in Sources */ = {isa = PBXBuildFile; fileRef = A143CA5F2042F65D006E71BB /* ArtistTableViewController.swift */; };
		A143CA622042F8D6006E71BB /* ArtistTableViewCell.swift in Sources */ = {isa = PBXBuildFile; fileRef = A143CA612042F8D6006E71BB /* ArtistTableViewCell.swift */; };
		A143CA66204312CB006E71BB /* ArtistTableViewControllerTableViewDelegate+DataSource.swift in Sources */ = {isa = PBXBuildFile; fileRef = A143CA65204312CB006E71BB /* ArtistTableViewControllerTableViewDelegate+DataSource.swift */; };
		A16CD09D203E010200285126 /* AppDelegate.swift in Sources */ = {isa = PBXBuildFile; fileRef = A16CD09C203E010200285126 /* AppDelegate.swift */; };
		A16CD0A2203E010200285126 /* Main.storyboard in Resources */ = {isa = PBXBuildFile; fileRef = A16CD0A0203E010200285126 /* Main.storyboard */; };
		A16CD0A7203E010200285126 /* LaunchScreen.storyboard in Resources */ = {isa = PBXBuildFile; fileRef = A16CD0A5203E010200285126 /* LaunchScreen.storyboard */; };
		A16CD0B7203E019800285126 /* CGExtension.swift in Sources */ = {isa = PBXBuildFile; fileRef = A16CD0AF203E019800285126 /* CGExtension.swift */; };
		A16CD0B9203E019800285126 /* UIColorExtension.swift in Sources */ = {isa = PBXBuildFile; fileRef = A16CD0B1203E019800285126 /* UIColorExtension.swift */; };
		A16CD0BA203E019800285126 /* LNExtensions.swift in Sources */ = {isa = PBXBuildFile; fileRef = A16CD0B2203E019800285126 /* LNExtensions.swift */; };
		A16CD0BB203E019800285126 /* TimeExtension.swift in Sources */ = {isa = PBXBuildFile; fileRef = A16CD0B3203E019800285126 /* TimeExtension.swift */; };
		A16CD0BD203E019800285126 /* MPExtension.swift in Sources */ = {isa = PBXBuildFile; fileRef = A16CD0B5203E019800285126 /* MPExtension.swift */; };
		A16CD0BE203E019800285126 /* UIImageExtension.swift in Sources */ = {isa = PBXBuildFile; fileRef = A16CD0B6203E019800285126 /* UIImageExtension.swift */; };
		A16CD0C1203E01FC00285126 /* LNPopupController.framework in Frameworks */ = {isa = PBXBuildFile; fileRef = A16CD0BF203E01FC00285126 /* LNPopupController.framework */; };
		A16CD0C2203E01FC00285126 /* LNPopupController.framework in Embed Frameworks */ = {isa = PBXBuildFile; fileRef = A16CD0BF203E01FC00285126 /* LNPopupController.framework */; settings = {ATTRIBUTES = (CodeSignOnCopy, RemoveHeadersOnCopy, ); }; };
		A16CD0C3203E01FC00285126 /* UPCarouselFlowLayout.framework in Frameworks */ = {isa = PBXBuildFile; fileRef = A16CD0C0203E01FC00285126 /* UPCarouselFlowLayout.framework */; };
		A16CD0C4203E01FC00285126 /* UPCarouselFlowLayout.framework in Embed Frameworks */ = {isa = PBXBuildFile; fileRef = A16CD0C0203E01FC00285126 /* UPCarouselFlowLayout.framework */; settings = {ATTRIBUTES = (CodeSignOnCopy, RemoveHeadersOnCopy, ); }; };
		A16CD0C9203E029C00285126 /* AppleMusicPermissionChecker.swift in Sources */ = {isa = PBXBuildFile; fileRef = A16CD0C8203E029C00285126 /* AppleMusicPermissionChecker.swift */; };
		A16CD0CD203E030000285126 /* Assets.xcassets in Resources */ = {isa = PBXBuildFile; fileRef = A16CD0CC203E030000285126 /* Assets.xcassets */; };
		A16CD0D1203E0B2C00285126 /* SelectedTableViewCell.swift in Sources */ = {isa = PBXBuildFile; fileRef = A16CD0D0203E0B2C00285126 /* SelectedTableViewCell.swift */; };
		A16CD0D5203E0C9A00285126 /* MainMenuTableViewController.swift in Sources */ = {isa = PBXBuildFile; fileRef = A16CD0D4203E0C9A00285126 /* MainMenuTableViewController.swift */; };
		A16CD0DA203E105900285126 /* MainMenuCollectionViewDelegates+DataSource.swift in Sources */ = {isa = PBXBuildFile; fileRef = A16CD0D9203E105900285126 /* MainMenuCollectionViewDelegates+DataSource.swift */; };
		A16CD0DC203E16B500285126 /* MusicModel.swift in Sources */ = {isa = PBXBuildFile; fileRef = A16CD0DB203E16B500285126 /* MusicModel.swift */; };
		A16CD0E1203EDC3B00285126 /* PlayerViewController.swift in Sources */ = {isa = PBXBuildFile; fileRef = A16CD0DF203EDC3B00285126 /* PlayerViewController.swift */; };
		A16CD0E2203EDC3B00285126 /* PlayerViewController.xib in Resources */ = {isa = PBXBuildFile; fileRef = A16CD0E0203EDC3B00285126 /* PlayerViewController.xib */; };
		A16CD0E8203F484C00285126 /* TableViewWithSmallMusicBarTableViewController.swift in Sources */ = {isa = PBXBuildFile; fileRef = A16CD0E5203F484B00285126 /* TableViewWithSmallMusicBarTableViewController.swift */; };
		A16CD0E9203F484C00285126 /* NavigationController.swift in Sources */ = {isa = PBXBuildFile; fileRef = A16CD0E6203F484B00285126 /* NavigationController.swift */; };
		A16CD0EA203F484C00285126 /* TabBarController.swift in Sources */ = {isa = PBXBuildFile; fileRef = A16CD0E7203F484B00285126 /* TabBarController.swift */; };
		A16CD0EE203F597300285126 /* PlayerViewControllerDelegates+DataSource.swift in Sources */ = {isa = PBXBuildFile; fileRef = A16CD0ED203F597300285126 /* PlayerViewControllerDelegates+DataSource.swift */; };
		A16CD0F3203F609900285126 /* MediaItemCollectionViewCell.swift in Sources */ = {isa = PBXBuildFile; fileRef = A16CD0F1203F609900285126 /* MediaItemCollectionViewCell.swift */; };
		A16CD0F4203F609900285126 /* MediaItemCollectionViewCell.xib in Resources */ = {isa = PBXBuildFile; fileRef = A16CD0F2203F609900285126 /* MediaItemCollectionViewCell.xib */; };
		A16CD0F6203F7D9900285126 /* PlayerActionButton.swift in Sources */ = {isa = PBXBuildFile; fileRef = A16CD0F5203F7D9900285126 /* PlayerActionButton.swift */; };
		A16CD0FA203F81BB00285126 /* PlayerViewControllerPlayerActions.swift in Sources */ = {isa = PBXBuildFile; fileRef = A16CD0F9203F81BB00285126 /* PlayerViewControllerPlayerActions.swift */; };
		A16CD0FC203F918400285126 /* ProgressTimer.swift in Sources */ = {isa = PBXBuildFile; fileRef = A16CD0FB203F918400285126 /* ProgressTimer.swift */; };
		A16CD0FE2040468500285126 /* PlayerSliderView.swift in Sources */ = {isa = PBXBuildFile; fileRef = A16CD0FD2040468500285126 /* PlayerSliderView.swift */; };
		A16CD1022040521E00285126 /* SeekPlayerSlider.swift in Sources */ = {isa = PBXBuildFile; fileRef = A16CD1012040521E00285126 /* SeekPlayerSlider.swift */; };
		A16CD1042040804800285126 /* UICollectionViewExtension.swift in Sources */ = {isa = PBXBuildFile; fileRef = A16CD1032040804800285126 /* UICollectionViewExtension.swift */; };
		A16CD1062040B05500285126 /* RepeatButton.swift in Sources */ = {isa = PBXBuildFile; fileRef = A16CD1052040B05500285126 /* RepeatButton.swift */; };
		A16CD10B2040BF8000285126 /* MediaTableViewCell.swift in Sources */ = {isa = PBXBuildFile; fileRef = A16CD10A2040BF8000285126 /* MediaTableViewCell.swift */; };
		A16CD10D2040C1F600285126 /* SongsTableViewController.swift in Sources */ = {isa = PBXBuildFile; fileRef = A16CD10C2040C1F600285126 /* SongsTableViewController.swift */; };
		A16CD1102040E36100285126 /* SongsTableViewControllerTableViewDelegate+DataSource.swift in Sources */ = {isa = PBXBuildFile; fileRef = A16CD10F2040E36100285126 /* SongsTableViewControllerTableViewDelegate+DataSource.swift */; };
/* End PBXBuildFile section */

/* Begin PBXCopyFilesBuildPhase section */
		A16CD0C5203E01FD00285126 /* Embed Frameworks */ = {
			isa = PBXCopyFilesBuildPhase;
			buildActionMask = 2147483647;
			dstPath = "";
			dstSubfolderSpec = 10;
			files = (
				A16CD0C2203E01FC00285126 /* LNPopupController.framework in Embed Frameworks */,
				A16CD0C4203E01FC00285126 /* UPCarouselFlowLayout.framework in Embed Frameworks */,
			);
			name = "Embed Frameworks";
			runOnlyForDeploymentPostprocessing = 0;
		};
/* End PBXCopyFilesBuildPhase section */

/* Begin PBXFileReference section */
		A100F00A20433E0E0084187F /* BaseExtensions.swift */ = {isa = PBXFileReference; lastKnownFileType = sourcecode.swift; path = BaseExtensions.swift; sourceTree = "<group>"; };
		A100F00D2043441E0084187F /* PlaylistTableViewController.swift */ = {isa = PBXFileReference; lastKnownFileType = sourcecode.swift; path = PlaylistTableViewController.swift; sourceTree = "<group>"; };
		A100F010204344A00084187F /* PlaylistTableViewCell.swift */ = {isa = PBXFileReference; lastKnownFileType = sourcecode.swift; path = PlaylistTableViewCell.swift; sourceTree = "<group>"; };
		A100F01220436C270084187F /* PlaylistInfoHeaderView.swift */ = {isa = PBXFileReference; lastKnownFileType = sourcecode.swift; path = PlaylistInfoHeaderView.swift; sourceTree = "<group>"; };
		A100F01420436CA40084187F /* PlaylistModel.swift */ = {isa = PBXFileReference; lastKnownFileType = sourcecode.swift; path = PlaylistModel.swift; sourceTree = "<group>"; };
		A100F016204375F40084187F /* PlaylistDetailTableViewController.swift */ = {isa = PBXFileReference; lastKnownFileType = sourcecode.swift; path = PlaylistDetailTableViewController.swift; sourceTree = "<group>"; };
		A100F018204383940084187F /* PlaylistTableViewControllerTableViewDelegate+DataSource.swift */ = {isa = PBXFileReference; lastKnownFileType = sourcecode.swift; path = "PlaylistTableViewControllerTableViewDelegate+DataSource.swift"; sourceTree = "<group>"; };
		A100F01A204383CE0084187F /* PlaylistDetailTableViewControllerTableViewDelegate+DataSource.swift */ = {isa = PBXFileReference; lastKnownFileType = sourcecode.swift; path = "PlaylistDetailTableViewControllerTableViewDelegate+DataSource.swift"; sourceTree = "<group>"; };
		A131C9F12044894400F538D8 /* PodcastCollectionViewController.swift */ = {isa = PBXFileReference; lastKnownFileType = sourcecode.swift; path = PodcastCollectionViewController.swift; sourceTree = "<group>"; };
		A131C9F320448B4900F538D8 /* DataModel.swift */ = {isa = PBXFileReference; lastKnownFileType = sourcecode.swift; path = DataModel.swift; sourceTree = "<group>"; };
		A143CA3F2041EE40006E71BB /* MediaAlbumCollectionViewCell.swift */ = {isa = PBXFileReference; lastKnownFileType = sourcecode.swift; path = MediaAlbumCollectionViewCell.swift; sourceTree = "<group>"; };
		A143CA422041EFE9006E71BB /* AlbumCollectionViewController.swift */ = {isa = PBXFileReference; lastKnownFileType = sourcecode.swift; path = AlbumCollectionViewController.swift; sourceTree = "<group>"; };
		A143CA442041F6A0006E71BB /* SectionLabelCollectionReusableView.swift */ = {isa = PBXFileReference; lastKnownFileType = sourcecode.swift; path = SectionLabelCollectionReusableView.swift; sourceTree = "<group>"; };
		A143CA4E20420EF5006E71BB /* AlbumCollectionViewControllerCollectionViewDelegate+DataSource.swift */ = {isa = PBXFileReference; lastKnownFileType = sourcecode.swift; path = "AlbumCollectionViewControllerCollectionViewDelegate+DataSource.swift"; sourceTree = "<group>"; };
		A143CA5020421AED006E71BB /* AlbumDetailTableViewController.swift */ = {isa = PBXFileReference; lastKnownFileType = sourcecode.swift; path = AlbumDetailTableViewController.swift; sourceTree = "<group>"; };
		A143CA5220421CD3006E71BB /* AlbumTableViewCell.swift */ = {isa = PBXFileReference; lastKnownFileType = sourcecode.swift; path = AlbumTableViewCell.swift; sourceTree = "<group>"; };
		A143CA5420422A7E006E71BB /* AlbumInfoHeaderView.swift */ = {isa = PBXFileReference; lastKnownFileType = sourcecode.swift; path = AlbumInfoHeaderView.swift; sourceTree = "<group>"; };
		A143CA56204232FD006E71BB /* AlbumDetailTableViewControllerTableViewDelegate+DataSource.swift */ = {isa = PBXFileReference; lastKnownFileType = sourcecode.swift; path = "AlbumDetailTableViewControllerTableViewDelegate+DataSource.swift"; sourceTree = "<group>"; };
		A143CA5F2042F65D006E71BB /* ArtistTableViewController.swift */ = {isa = PBXFileReference; lastKnownFileType = sourcecode.swift; path = ArtistTableViewController.swift; sourceTree = "<group>"; };
		A143CA612042F8D6006E71BB /* ArtistTableViewCell.swift */ = {isa = PBXFileReference; lastKnownFileType = sourcecode.swift; path = ArtistTableViewCell.swift; sourceTree = "<group>"; };
		A143CA65204312CB006E71BB /* ArtistTableViewControllerTableViewDelegate+DataSource.swift */ = {isa = PBXFileReference; lastKnownFileType = sourcecode.swift; path = "ArtistTableViewControllerTableViewDelegate+DataSource.swift"; sourceTree = "<group>"; };
		A16CD099203E010200285126 /* MusicPlayer.app */ = {isa = PBXFileReference; explicitFileType = wrapper.application; includeInIndex = 0; path = MusicPlayer.app; sourceTree = BUILT_PRODUCTS_DIR; };
		A16CD09C203E010200285126 /* AppDelegate.swift */ = {isa = PBXFileReference; lastKnownFileType = sourcecode.swift; path = AppDelegate.swift; sourceTree = "<group>"; };
		A16CD0A1203E010200285126 /* Base */ = {isa = PBXFileReference; lastKnownFileType = file.storyboard; name = Base; path = Base.lproj/Main.storyboard; sourceTree = "<group>"; };
		A16CD0A6203E010200285126 /* Base */ = {isa = PBXFileReference; lastKnownFileType = file.storyboard; name = Base; path = Base.lproj/LaunchScreen.storyboard; sourceTree = "<group>"; };
		A16CD0A8203E010200285126 /* Info.plist */ = {isa = PBXFileReference; lastKnownFileType = text.plist.xml; path = Info.plist; sourceTree = "<group>"; };
		A16CD0AF203E019800285126 /* CGExtension.swift */ = {isa = PBXFileReference; fileEncoding = 4; lastKnownFileType = sourcecode.swift; path = CGExtension.swift; sourceTree = "<group>"; };
		A16CD0B1203E019800285126 /* UIColorExtension.swift */ = {isa = PBXFileReference; fileEncoding = 4; lastKnownFileType = sourcecode.swift; path = UIColorExtension.swift; sourceTree = "<group>"; };
		A16CD0B2203E019800285126 /* LNExtensions.swift */ = {isa = PBXFileReference; fileEncoding = 4; lastKnownFileType = sourcecode.swift; path = LNExtensions.swift; sourceTree = "<group>"; };
		A16CD0B3203E019800285126 /* TimeExtension.swift */ = {isa = PBXFileReference; fileEncoding = 4; lastKnownFileType = sourcecode.swift; path = TimeExtension.swift; sourceTree = "<group>"; };
		A16CD0B5203E019800285126 /* MPExtension.swift */ = {isa = PBXFileReference; fileEncoding = 4; lastKnownFileType = sourcecode.swift; path = MPExtension.swift; sourceTree = "<group>"; };
		A16CD0B6203E019800285126 /* UIImageExtension.swift */ = {isa = PBXFileReference; fileEncoding = 4; lastKnownFileType = sourcecode.swift; path = UIImageExtension.swift; sourceTree = "<group>"; };
		A16CD0BF203E01FC00285126 /* LNPopupController.framework */ = {isa = PBXFileReference; lastKnownFileType = wrapper.framework; name = LNPopupController.framework; path = Carthage/Build/iOS/LNPopupController.framework; sourceTree = "<group>"; };
		A16CD0C0203E01FC00285126 /* UPCarouselFlowLayout.framework */ = {isa = PBXFileReference; lastKnownFileType = wrapper.framework; name = UPCarouselFlowLayout.framework; path = Carthage/Build/iOS/UPCarouselFlowLayout.framework; sourceTree = "<group>"; };
		A16CD0C8203E029C00285126 /* AppleMusicPermissionChecker.swift */ = {isa = PBXFileReference; fileEncoding = 4; lastKnownFileType = sourcecode.swift; path = AppleMusicPermissionChecker.swift; sourceTree = "<group>"; };
		A16CD0CC203E030000285126 /* Assets.xcassets */ = {isa = PBXFileReference; lastKnownFileType = folder.assetcatalog; path = Assets.xcassets; sourceTree = "<group>"; };
		A16CD0D0203E0B2C00285126 /* SelectedTableViewCell.swift */ = {isa = PBXFileReference; fileEncoding = 4; lastKnownFileType = sourcecode.swift; path = SelectedTableViewCell.swift; sourceTree = "<group>"; };
		A16CD0D4203E0C9A00285126 /* MainMenuTableViewController.swift */ = {isa = PBXFileReference; lastKnownFileType = sourcecode.swift; path = MainMenuTableViewController.swift; sourceTree = "<group>"; };
		A16CD0D9203E105900285126 /* MainMenuCollectionViewDelegates+DataSource.swift */ = {isa = PBXFileReference; lastKnownFileType = sourcecode.swift; path = "MainMenuCollectionViewDelegates+DataSource.swift"; sourceTree = "<group>"; };
		A16CD0DB203E16B500285126 /* MusicModel.swift */ = {isa = PBXFileReference; lastKnownFileType = sourcecode.swift; path = MusicModel.swift; sourceTree = "<group>"; };
		A16CD0DF203EDC3B00285126 /* PlayerViewController.swift */ = {isa = PBXFileReference; lastKnownFileType = sourcecode.swift; path = PlayerViewController.swift; sourceTree = "<group>"; };
		A16CD0E0203EDC3B00285126 /* PlayerViewController.xib */ = {isa = PBXFileReference; lastKnownFileType = file.xib; path = PlayerViewController.xib; sourceTree = "<group>"; };
		A16CD0E5203F484B00285126 /* TableViewWithSmallMusicBarTableViewController.swift */ = {isa = PBXFileReference; fileEncoding = 4; lastKnownFileType = sourcecode.swift; path = TableViewWithSmallMusicBarTableViewController.swift; sourceTree = "<group>"; };
		A16CD0E6203F484B00285126 /* NavigationController.swift */ = {isa = PBXFileReference; fileEncoding = 4; lastKnownFileType = sourcecode.swift; path = NavigationController.swift; sourceTree = "<group>"; };
		A16CD0E7203F484B00285126 /* TabBarController.swift */ = {isa = PBXFileReference; fileEncoding = 4; lastKnownFileType = sourcecode.swift; path = TabBarController.swift; sourceTree = "<group>"; };
		A16CD0ED203F597300285126 /* PlayerViewControllerDelegates+DataSource.swift */ = {isa = PBXFileReference; lastKnownFileType = sourcecode.swift; path = "PlayerViewControllerDelegates+DataSource.swift"; sourceTree = "<group>"; };
		A16CD0F1203F609900285126 /* MediaItemCollectionViewCell.swift */ = {isa = PBXFileReference; lastKnownFileType = sourcecode.swift; path = MediaItemCollectionViewCell.swift; sourceTree = "<group>"; };
		A16CD0F2203F609900285126 /* MediaItemCollectionViewCell.xib */ = {isa = PBXFileReference; lastKnownFileType = file.xib; path = MediaItemCollectionViewCell.xib; sourceTree = "<group>"; };
		A16CD0F5203F7D9900285126 /* PlayerActionButton.swift */ = {isa = PBXFileReference; fileEncoding = 4; lastKnownFileType = sourcecode.swift; path = PlayerActionButton.swift; sourceTree = "<group>"; };
		A16CD0F9203F81BB00285126 /* PlayerViewControllerPlayerActions.swift */ = {isa = PBXFileReference; lastKnownFileType = sourcecode.swift; path = PlayerViewControllerPlayerActions.swift; sourceTree = "<group>"; };
		A16CD0FB203F918400285126 /* ProgressTimer.swift */ = {isa = PBXFileReference; lastKnownFileType = sourcecode.swift; path = ProgressTimer.swift; sourceTree = "<group>"; };
		A16CD0FD2040468500285126 /* PlayerSliderView.swift */ = {isa = PBXFileReference; lastKnownFileType = sourcecode.swift; path = PlayerSliderView.swift; sourceTree = "<group>"; };
		A16CD1012040521E00285126 /* SeekPlayerSlider.swift */ = {isa = PBXFileReference; lastKnownFileType = sourcecode.swift; path = SeekPlayerSlider.swift; sourceTree = "<group>"; };
		A16CD1032040804800285126 /* UICollectionViewExtension.swift */ = {isa = PBXFileReference; lastKnownFileType = sourcecode.swift; path = UICollectionViewExtension.swift; sourceTree = "<group>"; };
		A16CD1052040B05500285126 /* RepeatButton.swift */ = {isa = PBXFileReference; lastKnownFileType = sourcecode.swift; path = RepeatButton.swift; sourceTree = "<group>"; };
		A16CD10A2040BF8000285126 /* MediaTableViewCell.swift */ = {isa = PBXFileReference; lastKnownFileType = sourcecode.swift; path = MediaTableViewCell.swift; sourceTree = "<group>"; };
		A16CD10C2040C1F600285126 /* SongsTableViewController.swift */ = {isa = PBXFileReference; lastKnownFileType = sourcecode.swift; path = SongsTableViewController.swift; sourceTree = "<group>"; };
		A16CD10F2040E36100285126 /* SongsTableViewControllerTableViewDelegate+DataSource.swift */ = {isa = PBXFileReference; lastKnownFileType = sourcecode.swift; path = "SongsTableViewControllerTableViewDelegate+DataSource.swift"; sourceTree = "<group>"; };
/* End PBXFileReference section */

/* Begin PBXFrameworksBuildPhase section */
		A16CD096203E010200285126 /* Frameworks */ = {
			isa = PBXFrameworksBuildPhase;
			buildActionMask = 2147483647;
			files = (
				A16CD0C1203E01FC00285126 /* LNPopupController.framework in Frameworks */,
				A16CD0C3203E01FC00285126 /* UPCarouselFlowLayout.framework in Frameworks */,
			);
			runOnlyForDeploymentPostprocessing = 0;
		};
/* End PBXFrameworksBuildPhase section */

/* Begin PBXGroup section */
		A100F00C204344010084187F /* Playlist */ = {
			isa = PBXGroup;
			children = (
				A100F00D2043441E0084187F /* PlaylistTableViewController.swift */,
				A100F018204383940084187F /* PlaylistTableViewControllerTableViewDelegate+DataSource.swift */,
				A100F016204375F40084187F /* PlaylistDetailTableViewController.swift */,
				A100F01A204383CE0084187F /* PlaylistDetailTableViewControllerTableViewDelegate+DataSource.swift */,
			);
			path = Playlist;
			sourceTree = "<group>";
		};
		A100F00F2043448C0084187F /* Playlist */ = {
			isa = PBXGroup;
			children = (
				A100F010204344A00084187F /* PlaylistTableViewCell.swift */,
				A100F01220436C270084187F /* PlaylistInfoHeaderView.swift */,
			);
			path = Playlist;
			sourceTree = "<group>";
		};
		A131C9F02044890B00F538D8 /* Podcast */ = {
			isa = PBXGroup;
			children = (
				A131C9F12044894400F538D8 /* PodcastCollectionViewController.swift */,
			);
			path = Podcast;
			sourceTree = "<group>";
		};
		A143CA412041EFD5006E71BB /* Albums */ = {
			isa = PBXGroup;
			children = (
				A143CA422041EFE9006E71BB /* AlbumCollectionViewController.swift */,
				A143CA4E20420EF5006E71BB /* AlbumCollectionViewControllerCollectionViewDelegate+DataSource.swift */,
				A143CA5020421AED006E71BB /* AlbumDetailTableViewController.swift */,
				A143CA56204232FD006E71BB /* AlbumDetailTableViewControllerTableViewDelegate+DataSource.swift */,
			);
			path = Albums;
			sourceTree = "<group>";
		};
		A143CA5E2042F63D006E71BB /* Artist */ = {
			isa = PBXGroup;
			children = (
				A143CA5F2042F65D006E71BB /* ArtistTableViewController.swift */,
				A143CA65204312CB006E71BB /* ArtistTableViewControllerTableViewDelegate+DataSource.swift */,
			);
			path = Artist;
			sourceTree = "<group>";
		};
		A143CA632042F94D006E71BB /* Album */ = {
			isa = PBXGroup;
			children = (
				A143CA5420422A7E006E71BB /* AlbumInfoHeaderView.swift */,
				A143CA3F2041EE40006E71BB /* MediaAlbumCollectionViewCell.swift */,
				A143CA5220421CD3006E71BB /* AlbumTableViewCell.swift */,
			);
			path = Album;
			sourceTree = "<group>";
		};
		A143CA642042F957006E71BB /* Artist */ = {
			isa = PBXGroup;
			children = (
				A143CA612042F8D6006E71BB /* ArtistTableViewCell.swift */,
			);
			path = Artist;
			sourceTree = "<group>";
		};
		A16CD090203E010200285126 = {
			isa = PBXGroup;
			children = (
				A16CD09B203E010200285126 /* MusicPlayer */,
				A16CD09A203E010200285126 /* Products */,
				A16CD0C6203E020600285126 /* Frameworks */,
			);
			sourceTree = "<group>";
		};
		A16CD09A203E010200285126 /* Products */ = {
			isa = PBXGroup;
			children = (
				A16CD099203E010200285126 /* MusicPlayer.app */,
			);
			name = Products;
			sourceTree = "<group>";
		};
		A16CD09B203E010200285126 /* MusicPlayer */ = {
			isa = PBXGroup;
			children = (
				A16CD09C203E010200285126 /* AppDelegate.swift */,
				A16CD0DD203E17B700285126 /* Model */,
				A16CD0CA203E02E800285126 /* Views */,
				A16CD0D2203E0C5500285126 /* Controllers */,
				A16CD0C7203E029C00285126 /* Service */,
				A16CD0AE203E019800285126 /* Extensions */,
				A16CD0A8203E010200285126 /* Info.plist */,
			);
			path = MusicPlayer;
			sourceTree = "<group>";
		};
		A16CD0AE203E019800285126 /* Extensions */ = {
			isa = PBXGroup;
			children = (
				A100F00A20433E0E0084187F /* BaseExtensions.swift */,
				A16CD0AF203E019800285126 /* CGExtension.swift */,
				A16CD0B1203E019800285126 /* UIColorExtension.swift */,
				A16CD0B2203E019800285126 /* LNExtensions.swift */,
				A16CD0B3203E019800285126 /* TimeExtension.swift */,
				A16CD0B5203E019800285126 /* MPExtension.swift */,
				A16CD0B6203E019800285126 /* UIImageExtension.swift */,
				A16CD1032040804800285126 /* UICollectionViewExtension.swift */,
			);
			path = Extensions;
			sourceTree = "<group>";
		};
		A16CD0C6203E020600285126 /* Frameworks */ = {
			isa = PBXGroup;
			children = (
				A16CD0BF203E01FC00285126 /* LNPopupController.framework */,
				A16CD0C0203E01FC00285126 /* UPCarouselFlowLayout.framework */,
			);
			name = Frameworks;
			sourceTree = "<group>";
		};
		A16CD0C7203E029C00285126 /* Service */ = {
			isa = PBXGroup;
			children = (
				A16CD0C8203E029C00285126 /* AppleMusicPermissionChecker.swift */,
				A16CD0FB203F918400285126 /* ProgressTimer.swift */,
			);
			path = Service;
			sourceTree = "<group>";
		};
		A16CD0CA203E02E800285126 /* Views */ = {
			isa = PBXGroup;
			children = (
				A16CD0DE203EDBE500285126 /* PlayerView */,
				A16CD1082040BF3300285126 /* MenuUI */,
				A16CD0CB203E02F600285126 /* UI */,
			);
			path = Views;
			sourceTree = "<group>";
		};
		A16CD0CB203E02F600285126 /* UI */ = {
			isa = PBXGroup;
			children = (
				A16CD0A0203E010200285126 /* Main.storyboard */,
				A16CD0CC203E030000285126 /* Assets.xcassets */,
				A16CD0A5203E010200285126 /* LaunchScreen.storyboard */,
			);
			path = UI;
			sourceTree = "<group>";
		};
		A16CD0CF203E0AED00285126 /* MainMenu */ = {
			isa = PBXGroup;
			children = (
				A16CD10A2040BF8000285126 /* MediaTableViewCell.swift */,
				A16CD0D0203E0B2C00285126 /* SelectedTableViewCell.swift */,
				A16CD0D6203E0EA700285126 /* CollectionSubview */,
			);
			path = MainMenu;
			sourceTree = "<group>";
		};
		A16CD0D2203E0C5500285126 /* Controllers */ = {
			isa = PBXGroup;
			children = (
				A16CD0E4203F484B00285126 /* BaseControllers */,
				A16CD0E3203EE06A00285126 /* PlayerController */,
				A16CD1072040BD8D00285126 /* MenuViewControllers */,
			);
			path = Controllers;
			sourceTree = "<group>";
		};
		A16CD0D3203E0C5B00285126 /* MainMenu */ = {
			isa = PBXGroup;
			children = (
				A16CD0D4203E0C9A00285126 /* MainMenuTableViewController.swift */,
				A16CD0D9203E105900285126 /* MainMenuCollectionViewDelegates+DataSource.swift */,
			);
			path = MainMenu;
			sourceTree = "<group>";
		};
		A16CD0D6203E0EA700285126 /* CollectionSubview */ = {
			isa = PBXGroup;
			children = (
				A16CD0F1203F609900285126 /* MediaItemCollectionViewCell.swift */,
				A16CD0F2203F609900285126 /* MediaItemCollectionViewCell.xib */,
				A143CA442041F6A0006E71BB /* SectionLabelCollectionReusableView.swift */,
			);
			path = CollectionSubview;
			sourceTree = "<group>";
		};
		A16CD0DD203E17B700285126 /* Model */ = {
			isa = PBXGroup;
			children = (
				A16CD0DB203E16B500285126 /* MusicModel.swift */,
				A100F01420436CA40084187F /* PlaylistModel.swift */,
				A131C9F320448B4900F538D8 /* DataModel.swift */,
			);
			path = Model;
			sourceTree = "<group>";
		};
		A16CD0DE203EDBE500285126 /* PlayerView */ = {
			isa = PBXGroup;
			children = (
				A16CD0F5203F7D9900285126 /* PlayerActionButton.swift */,
				A16CD0E0203EDC3B00285126 /* PlayerViewController.xib */,
				A16CD0FD2040468500285126 /* PlayerSliderView.swift */,
				A16CD1012040521E00285126 /* SeekPlayerSlider.swift */,
				A16CD1052040B05500285126 /* RepeatButton.swift */,
			);
			path = PlayerView;
			sourceTree = "<group>";
		};
		A16CD0E3203EE06A00285126 /* PlayerController */ = {
			isa = PBXGroup;
			children = (
				A16CD0DF203EDC3B00285126 /* PlayerViewController.swift */,
				A16CD0ED203F597300285126 /* PlayerViewControllerDelegates+DataSource.swift */,
				A16CD0F9203F81BB00285126 /* PlayerViewControllerPlayerActions.swift */,
			);
			path = PlayerController;
			sourceTree = "<group>";
		};
		A16CD0E4203F484B00285126 /* BaseControllers */ = {
			isa = PBXGroup;
			children = (
				A16CD0E5203F484B00285126 /* TableViewWithSmallMusicBarTableViewController.swift */,
				A16CD0E6203F484B00285126 /* NavigationController.swift */,
				A16CD0E7203F484B00285126 /* TabBarController.swift */,
			);
			path = BaseControllers;
			sourceTree = "<group>";
		};
		A16CD1072040BD8D00285126 /* MenuViewControllers */ = {
			isa = PBXGroup;
			children = (
				A131C9F02044890B00F538D8 /* Podcast */,
				A100F00C204344010084187F /* Playlist */,
				A143CA5E2042F63D006E71BB /* Artist */,
				A143CA412041EFD5006E71BB /* Albums */,
				A16CD0D3203E0C5B00285126 /* MainMenu */,
				A16CD10E2040D36B00285126 /* Songs */,
			);
			path = MenuViewControllers;
			sourceTree = "<group>";
		};
		A16CD1082040BF3300285126 /* MenuUI */ = {
			isa = PBXGroup;
			children = (
				A100F00F2043448C0084187F /* Playlist */,
				A143CA632042F94D006E71BB /* Album */,
				A16CD0CF203E0AED00285126 /* MainMenu */,
				A143CA642042F957006E71BB /* Artist */,
			);
			path = MenuUI;
			sourceTree = "<group>";
		};
		A16CD10E2040D36B00285126 /* Songs */ = {
			isa = PBXGroup;
			children = (
				A16CD10C2040C1F600285126 /* SongsTableViewController.swift */,
				A16CD10F2040E36100285126 /* SongsTableViewControllerTableViewDelegate+DataSource.swift */,
			);
			path = Songs;
			sourceTree = "<group>";
		};
/* End PBXGroup section */

/* Begin PBXNativeTarget section */
		A16CD098203E010200285126 /* MusicPlayer */ = {
			isa = PBXNativeTarget;
			buildConfigurationList = A16CD0AB203E010200285126 /* Build configuration list for PBXNativeTarget "MusicPlayer" */;
			buildPhases = (
				A16CD095203E010200285126 /* Sources */,
				A16CD096203E010200285126 /* Frameworks */,
				A16CD097203E010200285126 /* Resources */,
				A16CD0C5203E01FD00285126 /* Embed Frameworks */,
			);
			buildRules = (
			);
			dependencies = (
			);
			name = MusicPlayer;
			productName = MusicPlayer;
			productReference = A16CD099203E010200285126 /* MusicPlayer.app */;
			productType = "com.apple.product-type.application";
		};
/* End PBXNativeTarget section */

/* Begin PBXProject section */
		A16CD091203E010200285126 /* Project object */ = {
			isa = PBXProject;
			attributes = {
				LastSwiftUpdateCheck = 0920;
				LastUpgradeCheck = 0920;
				ORGANIZATIONNAME = "Artem Bobrov";
				TargetAttributes = {
					A16CD098203E010200285126 = {
						CreatedOnToolsVersion = 9.2;
						LastSwiftMigration = 0920;
						ProvisioningStyle = Automatic;
						SystemCapabilities = {
							com.apple.BackgroundModes = {
								enabled = 1;
							};
						};
					};
				};
			};
			buildConfigurationList = A16CD094203E010200285126 /* Build configuration list for PBXProject "MusicPlayer" */;
			compatibilityVersion = "Xcode 8.0";
			developmentRegion = en;
			hasScannedForEncodings = 0;
			knownRegions = (
				en,
				Base,
			);
			mainGroup = A16CD090203E010200285126;
			productRefGroup = A16CD09A203E010200285126 /* Products */;
			projectDirPath = "";
			projectRoot = "";
			targets = (
				A16CD098203E010200285126 /* MusicPlayer */,
			);
		};
/* End PBXProject section */

/* Begin PBXResourcesBuildPhase section */
		A16CD097203E010200285126 /* Resources */ = {
			isa = PBXResourcesBuildPhase;
			buildActionMask = 2147483647;
			files = (
				A16CD0A7203E010200285126 /* LaunchScreen.storyboard in Resources */,
				A16CD0E2203EDC3B00285126 /* PlayerViewController.xib in Resources */,
				A16CD0CD203E030000285126 /* Assets.xcassets in Resources */,
				A16CD0F4203F609900285126 /* MediaItemCollectionViewCell.xib in Resources */,
				A16CD0A2203E010200285126 /* Main.storyboard in Resources */,
			);
			runOnlyForDeploymentPostprocessing = 0;
		};
/* End PBXResourcesBuildPhase section */

/* Begin PBXSourcesBuildPhase section */
		A16CD095203E010200285126 /* Sources */ = {
			isa = PBXSourcesBuildPhase;
			buildActionMask = 2147483647;
			files = (
				A143CA432041EFE9006E71BB /* AlbumCollectionViewController.swift in Sources */,
				A143CA5120421AED006E71BB /* AlbumDetailTableViewController.swift in Sources */,
				A16CD0BB203E019800285126 /* TimeExtension.swift in Sources */,
				A16CD1022040521E00285126 /* SeekPlayerSlider.swift in Sources */,
				A143CA4F20420EF5006E71BB /* AlbumCollectionViewControllerCollectionViewDelegate+DataSource.swift in Sources */,
				A16CD0E1203EDC3B00285126 /* PlayerViewController.swift in Sources */,
				A16CD0EA203F484C00285126 /* TabBarController.swift in Sources */,
				A143CA5520422A7E006E71BB /* AlbumInfoHeaderView.swift in Sources */,
				A16CD10B2040BF8000285126 /* MediaTableViewCell.swift in Sources */,
				A16CD1042040804800285126 /* UICollectionViewExtension.swift in Sources */,
				A100F00B20433E0E0084187F /* BaseExtensions.swift in Sources */,
				A16CD1102040E36100285126 /* SongsTableViewControllerTableViewDelegate+DataSource.swift in Sources */,
				A131C9F420448B4900F538D8 /* DataModel.swift in Sources */,
				A16CD0E8203F484C00285126 /* TableViewWithSmallMusicBarTableViewController.swift in Sources */,
				A143CA622042F8D6006E71BB /* ArtistTableViewCell.swift in Sources */,
				A16CD0FE2040468500285126 /* PlayerSliderView.swift in Sources */,
				A16CD0D5203E0C9A00285126 /* MainMenuTableViewController.swift in Sources */,
				A16CD0E9203F484C00285126 /* NavigationController.swift in Sources */,
				A16CD0BE203E019800285126 /* UIImageExtension.swift in Sources */,
				A143CA402041EE40006E71BB /* MediaAlbumCollectionViewCell.swift in Sources */,
				A16CD0B9203E019800285126 /* UIColorExtension.swift in Sources */,
				A100F017204375F40084187F /* PlaylistDetailTableViewController.swift in Sources */,
				A100F00E2043441E0084187F /* PlaylistTableViewController.swift in Sources */,
				A16CD10D2040C1F600285126 /* SongsTableViewController.swift in Sources */,
				A16CD0D1203E0B2C00285126 /* SelectedTableViewCell.swift in Sources */,
				A100F011204344A00084187F /* PlaylistTableViewCell.swift in Sources */,
				A100F01320436C270084187F /* PlaylistInfoHeaderView.swift in Sources */,
				A100F01520436CA40084187F /* PlaylistModel.swift in Sources */,
				A143CA57204232FD006E71BB /* AlbumDetailTableViewControllerTableViewDelegate+DataSource.swift in Sources */,
				A16CD0F3203F609900285126 /* MediaItemCollectionViewCell.swift in Sources */,
				A100F019204383940084187F /* PlaylistTableViewControllerTableViewDelegate+DataSource.swift in Sources */,
				A16CD0FC203F918400285126 /* ProgressTimer.swift in Sources */,
				A143CA66204312CB006E71BB /* ArtistTableViewControllerTableViewDelegate+DataSource.swift in Sources */,
				A143CA5320421CD3006E71BB /* AlbumTableViewCell.swift in Sources */,
				A16CD0BA203E019800285126 /* LNExtensions.swift in Sources */,
				A143CA452041F6A0006E71BB /* SectionLabelCollectionReusableView.swift in Sources */,
				A16CD0DC203E16B500285126 /* MusicModel.swift in Sources */,
				A16CD0EE203F597300285126 /* PlayerViewControllerDelegates+DataSource.swift in Sources */,
				A16CD0C9203E029C00285126 /* AppleMusicPermissionChecker.swift in Sources */,
				A16CD0F6203F7D9900285126 /* PlayerActionButton.swift in Sources */,
				A16CD1062040B05500285126 /* RepeatButton.swift in Sources */,
				A16CD0FA203F81BB00285126 /* PlayerViewControllerPlayerActions.swift in Sources */,
				A131C9F22044894400F538D8 /* PodcastCollectionViewController.swift in Sources */,
				A143CA602042F65D006E71BB /* ArtistTableViewController.swift in Sources */,
				A16CD0B7203E019800285126 /* CGExtension.swift in Sources */,
				A16CD09D203E010200285126 /* AppDelegate.swift in Sources */,
				A100F01B204383CE0084187F /* PlaylistDetailTableViewControllerTableViewDelegate+DataSource.swift in Sources */,
				A16CD0DA203E105900285126 /* MainMenuCollectionViewDelegates+DataSource.swift in Sources */,
				A16CD0BD203E019800285126 /* MPExtension.swift in Sources */,
			);
			runOnlyForDeploymentPostprocessing = 0;
		};
/* End PBXSourcesBuildPhase section */

/* Begin PBXVariantGroup section */
		A16CD0A0203E010200285126 /* Main.storyboard */ = {
			isa = PBXVariantGroup;
			children = (
				A16CD0A1203E010200285126 /* Base */,
			);
			name = Main.storyboard;
			sourceTree = "<group>";
		};
		A16CD0A5203E010200285126 /* LaunchScreen.storyboard */ = {
			isa = PBXVariantGroup;
			children = (
				A16CD0A6203E010200285126 /* Base */,
			);
			name = LaunchScreen.storyboard;
			sourceTree = "<group>";
		};
/* End PBXVariantGroup section */

/* Begin XCBuildConfiguration section */
		A16CD0A9203E010200285126 /* Debug */ = {
			isa = XCBuildConfiguration;
			buildSettings = {
				ALWAYS_SEARCH_USER_PATHS = NO;
				CLANG_ANALYZER_NONNULL = YES;
				CLANG_ANALYZER_NUMBER_OBJECT_CONVERSION = YES_AGGRESSIVE;
				CLANG_CXX_LANGUAGE_STANDARD = "gnu++14";
				CLANG_CXX_LIBRARY = "libc++";
				CLANG_ENABLE_MODULES = YES;
				CLANG_ENABLE_OBJC_ARC = YES;
				CLANG_WARN_BLOCK_CAPTURE_AUTORELEASING = YES;
				CLANG_WARN_BOOL_CONVERSION = YES;
				CLANG_WARN_COMMA = YES;
				CLANG_WARN_CONSTANT_CONVERSION = YES;
				CLANG_WARN_DIRECT_OBJC_ISA_USAGE = YES_ERROR;
				CLANG_WARN_DOCUMENTATION_COMMENTS = YES;
				CLANG_WARN_EMPTY_BODY = YES;
				CLANG_WARN_ENUM_CONVERSION = YES;
				CLANG_WARN_INFINITE_RECURSION = YES;
				CLANG_WARN_INT_CONVERSION = YES;
				CLANG_WARN_NON_LITERAL_NULL_CONVERSION = YES;
				CLANG_WARN_OBJC_LITERAL_CONVERSION = YES;
				CLANG_WARN_OBJC_ROOT_CLASS = YES_ERROR;
				CLANG_WARN_RANGE_LOOP_ANALYSIS = YES;
				CLANG_WARN_STRICT_PROTOTYPES = YES;
				CLANG_WARN_SUSPICIOUS_MOVE = YES;
				CLANG_WARN_UNGUARDED_AVAILABILITY = YES_AGGRESSIVE;
				CLANG_WARN_UNREACHABLE_CODE = YES;
				CLANG_WARN__DUPLICATE_METHOD_MATCH = YES;
				CODE_SIGN_IDENTITY = "iPhone Developer";
				COPY_PHASE_STRIP = NO;
				DEBUG_INFORMATION_FORMAT = dwarf;
				ENABLE_STRICT_OBJC_MSGSEND = YES;
				ENABLE_TESTABILITY = YES;
				GCC_C_LANGUAGE_STANDARD = gnu11;
				GCC_DYNAMIC_NO_PIC = NO;
				GCC_NO_COMMON_BLOCKS = YES;
				GCC_OPTIMIZATION_LEVEL = 0;
				GCC_PREPROCESSOR_DEFINITIONS = (
					"DEBUG=1",
					"$(inherited)",
				);
				GCC_WARN_64_TO_32_BIT_CONVERSION = YES;
				GCC_WARN_ABOUT_RETURN_TYPE = YES_ERROR;
				GCC_WARN_UNDECLARED_SELECTOR = YES;
				GCC_WARN_UNINITIALIZED_AUTOS = YES_AGGRESSIVE;
				GCC_WARN_UNUSED_FUNCTION = YES;
				GCC_WARN_UNUSED_VARIABLE = YES;
				IPHONEOS_DEPLOYMENT_TARGET = 11.2;
				MTL_ENABLE_DEBUG_INFO = YES;
				ONLY_ACTIVE_ARCH = YES;
				SDKROOT = iphoneos;
				SWIFT_ACTIVE_COMPILATION_CONDITIONS = DEBUG;
				SWIFT_OPTIMIZATION_LEVEL = "-Onone";
			};
			name = Debug;
		};
		A16CD0AA203E010200285126 /* Release */ = {
			isa = XCBuildConfiguration;
			buildSettings = {
				ALWAYS_SEARCH_USER_PATHS = NO;
				CLANG_ANALYZER_NONNULL = YES;
				CLANG_ANALYZER_NUMBER_OBJECT_CONVERSION = YES_AGGRESSIVE;
				CLANG_CXX_LANGUAGE_STANDARD = "gnu++14";
				CLANG_CXX_LIBRARY = "libc++";
				CLANG_ENABLE_MODULES = YES;
				CLANG_ENABLE_OBJC_ARC = YES;
				CLANG_WARN_BLOCK_CAPTURE_AUTORELEASING = YES;
				CLANG_WARN_BOOL_CONVERSION = YES;
				CLANG_WARN_COMMA = YES;
				CLANG_WARN_CONSTANT_CONVERSION = YES;
				CLANG_WARN_DIRECT_OBJC_ISA_USAGE = YES_ERROR;
				CLANG_WARN_DOCUMENTATION_COMMENTS = YES;
				CLANG_WARN_EMPTY_BODY = YES;
				CLANG_WARN_ENUM_CONVERSION = YES;
				CLANG_WARN_INFINITE_RECURSION = YES;
				CLANG_WARN_INT_CONVERSION = YES;
				CLANG_WARN_NON_LITERAL_NULL_CONVERSION = YES;
				CLANG_WARN_OBJC_LITERAL_CONVERSION = YES;
				CLANG_WARN_OBJC_ROOT_CLASS = YES_ERROR;
				CLANG_WARN_RANGE_LOOP_ANALYSIS = YES;
				CLANG_WARN_STRICT_PROTOTYPES = YES;
				CLANG_WARN_SUSPICIOUS_MOVE = YES;
				CLANG_WARN_UNGUARDED_AVAILABILITY = YES_AGGRESSIVE;
				CLANG_WARN_UNREACHABLE_CODE = YES;
				CLANG_WARN__DUPLICATE_METHOD_MATCH = YES;
				CODE_SIGN_IDENTITY = "iPhone Developer";
				COPY_PHASE_STRIP = NO;
				DEBUG_INFORMATION_FORMAT = "dwarf-with-dsym";
				ENABLE_NS_ASSERTIONS = NO;
				ENABLE_STRICT_OBJC_MSGSEND = YES;
				GCC_C_LANGUAGE_STANDARD = gnu11;
				GCC_NO_COMMON_BLOCKS = YES;
				GCC_WARN_64_TO_32_BIT_CONVERSION = YES;
				GCC_WARN_ABOUT_RETURN_TYPE = YES_ERROR;
				GCC_WARN_UNDECLARED_SELECTOR = YES;
				GCC_WARN_UNINITIALIZED_AUTOS = YES_AGGRESSIVE;
				GCC_WARN_UNUSED_FUNCTION = YES;
				GCC_WARN_UNUSED_VARIABLE = YES;
				IPHONEOS_DEPLOYMENT_TARGET = 11.2;
				MTL_ENABLE_DEBUG_INFO = NO;
				SDKROOT = iphoneos;
				SWIFT_OPTIMIZATION_LEVEL = "-Owholemodule";
				VALIDATE_PRODUCT = YES;
			};
			name = Release;
		};
		A16CD0AC203E010200285126 /* Debug */ = {
			isa = XCBuildConfiguration;
			buildSettings = {
				ASSETCATALOG_COMPILER_APPICON_NAME = AppIcon;
				CLANG_ENABLE_MODULES = YES;
				CODE_SIGN_STYLE = Automatic;
				DEVELOPMENT_TEAM = EX9Z9UFRL5;
				FRAMEWORK_SEARCH_PATHS = (
					"$(inherited)",
					"$(PROJECT_DIR)/Carthage/Build/iOS",
				);
				INFOPLIST_FILE = MusicPlayer/Info.plist;
				LD_RUNPATH_SEARCH_PATHS = "$(inherited) @executable_path/Frameworks";
				PRODUCT_BUNDLE_IDENTIFIER = "com.personal-works.MusicPlayer";
				PRODUCT_NAME = "$(TARGET_NAME)";
				SWIFT_OBJC_BRIDGING_HEADER = "";
				SWIFT_OPTIMIZATION_LEVEL = "-Onone";
				SWIFT_VERSION = 4.0;
				TARGETED_DEVICE_FAMILY = "1,2";
			};
			name = Debug;
		};
		A16CD0AD203E010200285126 /* Release */ = {
			isa = XCBuildConfiguration;
			buildSettings = {
				ASSETCATALOG_COMPILER_APPICON_NAME = AppIcon;
				CLANG_ENABLE_MODULES = YES;
				CODE_SIGN_STYLE = Automatic;
				DEVELOPMENT_TEAM = EX9Z9UFRL5;
				FRAMEWORK_SEARCH_PATHS = (
					"$(inherited)",
					"$(PROJECT_DIR)/Carthage/Build/iOS",
				);
				INFOPLIST_FILE = MusicPlayer/Info.plist;
				LD_RUNPATH_SEARCH_PATHS = "$(inherited) @executable_path/Frameworks";
				PRODUCT_BUNDLE_IDENTIFIER = "com.personal-works.MusicPlayer";
				PRODUCT_NAME = "$(TARGET_NAME)";
				SWIFT_OBJC_BRIDGING_HEADER = "";
				SWIFT_VERSION = 4.0;
				TARGETED_DEVICE_FAMILY = "1,2";
			};
			name = Release;
		};
/* End XCBuildConfiguration section */

/* Begin XCConfigurationList section */
		A16CD094203E010200285126 /* Build configuration list for PBXProject "MusicPlayer" */ = {
			isa = XCConfigurationList;
			buildConfigurations = (
				A16CD0A9203E010200285126 /* Debug */,
				A16CD0AA203E010200285126 /* Release */,
			);
			defaultConfigurationIsVisible = 0;
			defaultConfigurationName = Release;
		};
		A16CD0AB203E010200285126 /* Build configuration list for PBXNativeTarget "MusicPlayer" */ = {
			isa = XCConfigurationList;
			buildConfigurations = (
				A16CD0AC203E010200285126 /* Debug */,
				A16CD0AD203E010200285126 /* Release */,
			);
			defaultConfigurationIsVisible = 0;
			defaultConfigurationName = Release;
		};
/* End XCConfigurationList section */
	};
	rootObject = A16CD091203E010200285126 /* Project object */;
}
